{
  "nodes": {
    "nixpkgs": {
      "locked": {
        "lastModified": 1734737257,
        "narHash": "sha256-GIMyMt1pkkoXdCq9un859bX6YQZ/iYtukb9R5luazLM=",
        "owner": "nixos",
        "repo": "nixpkgs",
        "rev": "1c6e20d41d6a9c1d737945962160e8571df55daa",
        "type": "github"
      },
      "original": {
        "owner": "nixos",
        "ref": "nixos-24.11",
        "repo": "nixpkgs",
        "type": "github"
      }
    },
    "root": {
      "inputs": {
        "nixpkgs": "nixpkgs",
        "unstable": "unstable"
      }
    },
    "unstable": {
      "locked": {
        "lastModified": 1735915915,
        "narHash": "sha256-Q4HuFAvoKAIiTRZTUxJ0ZXeTC7lLfC9/dggGHNXNlCw=",
        "owner": "nixos",
        "repo": "nixpkgs",
        "rev": "a27871180d30ebee8aa6b11bf7fef8a52f024733",
        "type": "github"
      },
      "original": {
        "owner": "nixos",
        "ref": "nixpkgs-unstable",
        "repo": "nixpkgs",
        "type": "github"
      }
    }
  },
  "root": "root",
  "version": 7
}
